// !$*UTF8*$!
{
	archiveVersion = 1;
	classes = {
	};
	objectVersion = 46;
	objects = {

/* Begin PBXBuildFile section */
		DAFA25021E6751D700C87CE4 /* main.m in Sources */ = {isa = PBXBuildFile; fileRef = DAFA25011E6751D700C87CE4 /* main.m */; };
		DAFA25051E6751D700C87CE4 /* AppDelegate.m in Sources */ = {isa = PBXBuildFile; fileRef = DAFA25041E6751D700C87CE4 /* AppDelegate.m */; };
		DAFA25081E6751D700C87CE4 /* EveryDoAgain.xcdatamodeld in Sources */ = {isa = PBXBuildFile; fileRef = DAFA25061E6751D700C87CE4 /* EveryDoAgain.xcdatamodeld */; };
		DAFA250B1E6751D700C87CE4 /* MasterViewController.m in Sources */ = {isa = PBXBuildFile; fileRef = DAFA250A1E6751D700C87CE4 /* MasterViewController.m */; };
		DAFA250E1E6751D700C87CE4 /* DetailViewController.m in Sources */ = {isa = PBXBuildFile; fileRef = DAFA250D1E6751D700C87CE4 /* DetailViewController.m */; };
		DAFA25111E6751D700C87CE4 /* Main.storyboard in Resources */ = {isa = PBXBuildFile; fileRef = DAFA250F1E6751D700C87CE4 /* Main.storyboard */; };
		DAFA25131E6751D700C87CE4 /* Assets.xcassets in Resources */ = {isa = PBXBuildFile; fileRef = DAFA25121E6751D700C87CE4 /* Assets.xcassets */; };
		DAFA25161E6751D700C87CE4 /* LaunchScreen.storyboard in Resources */ = {isa = PBXBuildFile; fileRef = DAFA25141E6751D700C87CE4 /* LaunchScreen.storyboard */; };
		DAFA251F1E675FF300C87CE4 /* AddNewTaskViewController.m in Sources */ = {isa = PBXBuildFile; fileRef = DAFA251E1E675FF300C87CE4 /* AddNewTaskViewController.m */; };
/* End PBXBuildFile section */

/* Begin PBXFileReference section */
		7751AC8E1E8C53170032189A /* Todo+CoreDataClass.h */ = {isa = PBXFileReference; fileEncoding = 4; lastKnownFileType = sourcecode.c.h; name = "Todo+CoreDataClass.h"; path = "../Todo+CoreDataClass.h"; sourceTree = "<group>"; };
		7751AC8F1E8C53170032189A /* Todo+CoreDataClass.m */ = {isa = PBXFileReference; fileEncoding = 4; lastKnownFileType = sourcecode.c.objc; name = "Todo+CoreDataClass.m"; path = "../Todo+CoreDataClass.m"; sourceTree = "<group>"; };
		7751AC901E8C53170032189A /* Todo+CoreDataProperties.h */ = {isa = PBXFileReference; fileEncoding = 4; lastKnownFileType = sourcecode.c.h; name = "Todo+CoreDataProperties.h"; path = "../Todo+CoreDataProperties.h"; sourceTree = "<group>"; };
		7751AC911E8C53170032189A /* Todo+CoreDataProperties.m */ = {isa = PBXFileReference; fileEncoding = 4; lastKnownFileType = sourcecode.c.objc; name = "Todo+CoreDataProperties.m"; path = "../Todo+CoreDataProperties.m"; sourceTree = "<group>"; };
		DAFA24FD1E6751D700C87CE4 /* EveryDoAgain.app */ = {isa = PBXFileReference; explicitFileType = wrapper.application; includeInIndex = 0; path = EveryDoAgain.app; sourceTree = BUILT_PRODUCTS_DIR; };
		DAFA25011E6751D700C87CE4 /* main.m */ = {isa = PBXFileReference; lastKnownFileType = sourcecode.c.objc; path = main.m; sourceTree = "<group>"; };
		DAFA25031E6751D700C87CE4 /* AppDelegate.h */ = {isa = PBXFileReference; lastKnownFileType = sourcecode.c.h; path = AppDelegate.h; sourceTree = "<group>"; };
		DAFA25041E6751D700C87CE4 /* AppDelegate.m */ = {isa = PBXFileReference; lastKnownFileType = sourcecode.c.objc; path = AppDelegate.m; sourceTree = "<group>"; };
		DAFA25071E6751D700C87CE4 /* EveryDoAgain.xcdatamodel */ = {isa = PBXFileReference; explicitFileType = wrapper.xcdatamodel; path = EveryDoAgain.xcdatamodel; sourceTree = "<group>"; };
		DAFA25091E6751D700C87CE4 /* MasterViewController.h */ = {isa = PBXFileReference; lastKnownFileType = sourcecode.c.h; path = MasterViewController.h; sourceTree = "<group>"; };
		DAFA250A1E6751D700C87CE4 /* MasterViewController.m */ = {isa = PBXFileReference; lastKnownFileType = sourcecode.c.objc; path = MasterViewController.m; sourceTree = "<group>"; };
		DAFA250C1E6751D700C87CE4 /* DetailViewController.h */ = {isa = PBXFileReference; lastKnownFileType = sourcecode.c.h; path = DetailViewController.h; sourceTree = "<group>"; };
		DAFA250D1E6751D700C87CE4 /* DetailViewController.m */ = {isa = PBXFileReference; lastKnownFileType = sourcecode.c.objc; path = DetailViewController.m; sourceTree = "<group>"; };
		DAFA25101E6751D700C87CE4 /* Base */ = {isa = PBXFileReference; lastKnownFileType = file.storyboard; name = Base; path = Base.lproj/Main.storyboard; sourceTree = "<group>"; };
		DAFA25121E6751D700C87CE4 /* Assets.xcassets */ = {isa = PBXFileReference; lastKnownFileType = folder.assetcatalog; path = Assets.xcassets; sourceTree = "<group>"; };
		DAFA25151E6751D700C87CE4 /* Base */ = {isa = PBXFileReference; lastKnownFileType = file.storyboard; name = Base; path = Base.lproj/LaunchScreen.storyboard; sourceTree = "<group>"; };
		DAFA25171E6751D700C87CE4 /* Info.plist */ = {isa = PBXFileReference; lastKnownFileType = text.plist.xml; path = Info.plist; sourceTree = "<group>"; };
		DAFA251D1E675FF300C87CE4 /* AddNewTaskViewController.h */ = {isa = PBXFileReference; fileEncoding = 4; lastKnownFileType = sourcecode.c.h; path = AddNewTaskViewController.h; sourceTree = "<group>"; };
		DAFA251E1E675FF300C87CE4 /* AddNewTaskViewController.m */ = {isa = PBXFileReference; fileEncoding = 4; lastKnownFileType = sourcecode.c.objc; path = AddNewTaskViewController.m; sourceTree = "<group>"; };
/* End PBXFileReference section */

/* Begin PBXFrameworksBuildPhase section */
		DAFA24FA1E6751D700C87CE4 /* Frameworks */ = {
			isa = PBXFrameworksBuildPhase;
			buildActionMask = 2147483647;
			files = (
			);
			runOnlyForDeploymentPostprocessing = 0;
		};
/* End PBXFrameworksBuildPhase section */

/* Begin PBXGroup section */
		DAFA24F41E6751D700C87CE4 = {
			isa = PBXGroup;
			children = (
				DAFA24FF1E6751D700C87CE4 /* EveryDoAgain */,
				DAFA24FE1E6751D700C87CE4 /* Products */,
			);
			sourceTree = "<group>";
		};
		DAFA24FE1E6751D700C87CE4 /* Products */ = {
			isa = PBXGroup;
			children = (
				DAFA24FD1E6751D700C87CE4 /* EveryDoAgain.app */,
			);
			name = Products;
			sourceTree = "<group>";
		};
		DAFA24FF1E6751D700C87CE4 /* EveryDoAgain */ = {
			isa = PBXGroup;
			children = (
				DAFA25091E6751D700C87CE4 /* MasterViewController.h */,
				DAFA250A1E6751D700C87CE4 /* MasterViewController.m */,
				DAFA250C1E6751D700C87CE4 /* DetailViewController.h */,
				DAFA250D1E6751D700C87CE4 /* DetailViewController.m */,
				DAFA251D1E675FF300C87CE4 /* AddNewTaskViewController.h */,
				DAFA251E1E675FF300C87CE4 /* AddNewTaskViewController.m */,
				DAFA250F1E6751D700C87CE4 /* Main.storyboard */,
				DAFA25001E6751D700C87CE4 /* Supporting Files */,
			);
			path = EveryDoAgain;
			sourceTree = "<group>";
		};
		DAFA25001E6751D700C87CE4 /* Supporting Files */ = {
			isa = PBXGroup;
			children = (
				7751AC8E1E8C53170032189A /* Todo+CoreDataClass.h */,
				7751AC8F1E8C53170032189A /* Todo+CoreDataClass.m */,
				7751AC901E8C53170032189A /* Todo+CoreDataProperties.h */,
				7751AC911E8C53170032189A /* Todo+CoreDataProperties.m */,
				DAFA25031E6751D700C87CE4 /* AppDelegate.h */,
				DAFA25041E6751D700C87CE4 /* AppDelegate.m */,
				DAFA25121E6751D700C87CE4 /* Assets.xcassets */,
				DAFA25061E6751D700C87CE4 /* EveryDoAgain.xcdatamodeld */,
				DAFA25141E6751D700C87CE4 /* LaunchScreen.storyboard */,
				DAFA25171E6751D700C87CE4 /* Info.plist */,
				DAFA25011E6751D700C87CE4 /* main.m */,
			);
			name = "Supporting Files";
			sourceTree = "<group>";
		};
/* End PBXGroup section */

/* Begin PBXNativeTarget section */
		DAFA24FC1E6751D700C87CE4 /* EveryDoAgain */ = {
			isa = PBXNativeTarget;
			buildConfigurationList = DAFA251A1E6751D700C87CE4 /* Build configuration list for PBXNativeTarget "EveryDoAgain" */;
			buildPhases = (
				DAFA24F91E6751D700C87CE4 /* Sources */,
				DAFA24FA1E6751D700C87CE4 /* Frameworks */,
				DAFA24FB1E6751D700C87CE4 /* Resources */,
			);
			buildRules = (
			);
			dependencies = (
			);
			name = EveryDoAgain;
			productName = EveryDoAgain;
			productReference = DAFA24FD1E6751D700C87CE4 /* EveryDoAgain.app */;
			productType = "com.apple.product-type.application";
		};
/* End PBXNativeTarget section */

/* Begin PBXProject section */
		DAFA24F51E6751D700C87CE4 /* Project object */ = {
			isa = PBXProject;
			attributes = {
				LastUpgradeCheck = 0820;
				ORGANIZATIONNAME = leomoon;
				TargetAttributes = {
					DAFA24FC1E6751D700C87CE4 = {
						CreatedOnToolsVersion = 8.2.1;
						DevelopmentTeam = UZD8JHA5UW;
						ProvisioningStyle = Automatic;
					};
				};
			};
			buildConfigurationList = DAFA24F81E6751D700C87CE4 /* Build configuration list for PBXProject "EveryDoAgain" */;
			compatibilityVersion = "Xcode 3.2";
			developmentRegion = English;
			hasScannedForEncodings = 0;
			knownRegions = (
				en,
				Base,
			);
			mainGroup = DAFA24F41E6751D700C87CE4;
			productRefGroup = DAFA24FE1E6751D700C87CE4 /* Products */;
			projectDirPath = "";
			projectRoot = "";
			targets = (
				DAFA24FC1E6751D700C87CE4 /* EveryDoAgain */,
			);
		};
/* End PBXProject section */

/* Begin PBXResourcesBuildPhase section */
		DAFA24FB1E6751D700C87CE4 /* Resources */ = {
			isa = PBXResourcesBuildPhase;
			buildActionMask = 2147483647;
			files = (
				DAFA25161E6751D700C87CE4 /* LaunchScreen.storyboard in Resources */,
				DAFA25131E6751D700C87CE4 /* Assets.xcassets in Resources */,
				DAFA25111E6751D700C87CE4 /* Main.storyboard in Resources */,
			);
			runOnlyForDeploymentPostprocessing = 0;
		};
/* End PBXResourcesBuildPhase section */

/* Begin PBXSourcesBuildPhase section */
		DAFA24F91E6751D700C87CE4 /* Sources */ = {
			isa = PBXSourcesBuildPhase;
			buildActionMask = 2147483647;
			files = (
				DAFA250E1E6751D700C87CE4 /* DetailViewController.m in Sources */,
				DAFA250B1E6751D700C87CE4 /* MasterViewController.m in Sources */,
				DAFA25081E6751D700C87CE4 /* EveryDoAgain.xcdatamodeld in Sources */,
				DAFA25051E6751D700C87CE4 /* AppDelegate.m in Sources */,
				DAFA251F1E675FF300C87CE4 /* AddNewTaskViewController.m in Sources */,
				DAFA25021E6751D700C87CE4 /* main.m in Sources */,
			);
			runOnlyForDeploymentPostprocessing = 0;
		};
/* End PBXSourcesBuildPhase section */

/* Begin PBXVariantGroup section */
		DAFA250F1E6751D700C87CE4 /* Main.storyboard */ = {
			isa = PBXVariantGroup;
			children = (
				DAFA25101E6751D700C87CE4 /* Base */,
			);
			name = Main.storyboard;
			sourceTree = "<group>";
		};
		DAFA25141E6751D700C87CE4 /* LaunchScreen.storyboard */ = {
			isa = PBXVariantGroup;
			children = (
				DAFA25151E6751D700C87CE4 /* Base */,
			);
			name = LaunchScreen.storyboard;
			sourceTree = "<group>";
		};
/* End PBXVariantGroup section */

/* Begin XCBuildConfiguration section */
		DAFA25181E6751D700C87CE4 /* Debug */ = {
			isa = XCBuildConfiguration;
			buildSettings = {
				ALWAYS_SEARCH_USER_PATHS = NO;
				CLANG_ANALYZER_NONNULL = YES;
				CLANG_CXX_LANGUAGE_STANDARD = "gnu++0x";
				CLANG_CXX_LIBRARY = "libc++";
				CLANG_ENABLE_MODULES = YES;
				CLANG_ENABLE_OBJC_ARC = YES;
				CLANG_WARN_BOOL_CONVERSION = YES;
				CLANG_WARN_CONSTANT_CONVERSION = YES;
				CLANG_WARN_DIRECT_OBJC_ISA_USAGE = YES_ERROR;
				CLANG_WARN_DOCUMENTATION_COMMENTS = YES;
				CLANG_WARN_EMPTY_BODY = YES;
				CLANG_WARN_ENUM_CONVERSION = YES;
				CLANG_WARN_INFINITE_RECURSION = YES;
				CLANG_WARN_INT_CONVERSION = YES;
				CLANG_WARN_OBJC_ROOT_CLASS = YES_ERROR;
				CLANG_WARN_SUSPICIOUS_MOVE = YES;
				CLANG_WARN_UNREACHABLE_CODE = YES;
				CLANG_WARN__DUPLICATE_METHOD_MATCH = YES;
				"CODE_SIGN_IDENTITY[sdk=iphoneos*]" = "iPhone Developer";
				COPY_PHASE_STRIP = NO;
				DEBUG_INFORMATION_FORMAT = dwarf;
				ENABLE_STRICT_OBJC_MSGSEND = YES;
				ENABLE_TESTABILITY = YES;
				GCC_C_LANGUAGE_STANDARD = gnu99;
				GCC_DYNAMIC_NO_PIC = NO;
				GCC_NO_COMMON_BLOCKS = YES;
				GCC_OPTIMIZATION_LEVEL = 0;
				GCC_PREPROCESSOR_DEFINITIONS = (
					"DEBUG=1",
					"$(inherited)",
				);
				GCC_WARN_64_TO_32_BIT_CONVERSION = YES;
				GCC_WARN_ABOUT_RETURN_TYPE = YES_ERROR;
				GCC_WARN_UNDECLARED_SELECTOR = YES;
				GCC_WARN_UNINITIALIZED_AUTOS = YES_AGGRESSIVE;
				GCC_WARN_UNUSED_FUNCTION = YES;
				GCC_WARN_UNUSED_VARIABLE = YES;
				IPHONEOS_DEPLOYMENT_TARGET = 10.2;
				MTL_ENABLE_DEBUG_INFO = YES;
				ONLY_ACTIVE_ARCH = YES;
				SDKROOT = iphoneos;
				TARGETED_DEVICE_FAMILY = "1,2";
			};
			name = Debug;
		};
		DAFA25191E6751D700C87CE4 /* Release */ = {
			isa = XCBuildConfiguration;
			buildSettings = {
				ALWAYS_SEARCH_USER_PATHS = NO;
				CLANG_ANALYZER_NONNULL = YES;
				CLANG_CXX_LANGUAGE_STANDARD = "gnu++0x";
				CLANG_CXX_LIBRARY = "libc++";
				CLANG_ENABLE_MODULES = YES;
				CLANG_ENABLE_OBJC_ARC = YES;
				CLANG_WARN_BOOL_CONVERSION = YES;
				CLANG_WARN_CONSTANT_CONVERSION = YES;
				CLANG_WARN_DIRECT_OBJC_ISA_USAGE = YES_ERROR;
				CLANG_WARN_DOCUMENTATION_COMMENTS = YES;
				CLANG_WARN_EMPTY_BODY = YES;
				CLANG_WARN_ENUM_CONVERSION = YES;
				CLANG_WARN_INFINITE_RECURSION = YES;
				CLANG_WARN_INT_CONVERSION = YES;
				CLANG_WARN_OBJC_ROOT_CLASS = YES_ERROR;
				CLANG_WARN_SUSPICIOUS_MOVE = YES;
				CLANG_WARN_UNREACHABLE_CODE = YES;
				CLANG_WARN__DUPLICATE_METHOD_MATCH = YES;
				"CODE_SIGN_IDENTITY[sdk=iphoneos*]" = "iPhone Developer";
				COPY_PHASE_STRIP = NO;
				DEBUG_INFORMATION_FORMAT = "dwarf-with-dsym";
				ENABLE_NS_ASSERTIONS = NO;
				ENABLE_STRICT_OBJC_MSGSEND = YES;
				GCC_C_LANGUAGE_STANDARD = gnu99;
				GCC_NO_COMMON_BLOCKS = YES;
				GCC_WARN_64_TO_32_BIT_CONVERSION = YES;
				GCC_WARN_ABOUT_RETURN_TYPE = YES_ERROR;
				GCC_WARN_UNDECLARED_SELECTOR = YES;
				GCC_WARN_UNINITIALIZED_AUTOS = YES_AGGRESSIVE;
				GCC_WARN_UNUSED_FUNCTION = YES;
				GCC_WARN_UNUSED_VARIABLE = YES;
				IPHONEOS_DEPLOYMENT_TARGET = 10.2;
				MTL_ENABLE_DEBUG_INFO = NO;
				SDKROOT = iphoneos;
				TARGETED_DEVICE_FAMILY = "1,2";
				VALIDATE_PRODUCT = YES;
			};
			name = Release;
		};
		DAFA251B1E6751D700C87CE4 /* Debug */ = {
			isa = XCBuildConfiguration;
			buildSettings = {
				ASSETCATALOG_COMPILER_APPICON_NAME = AppIcon;
				DEVELOPMENT_TEAM = UZD8JHA5UW;
				INFOPLIST_FILE = EveryDoAgain/Info.plist;
				LD_RUNPATH_SEARCH_PATHS = "$(inherited) @executable_path/Frameworks";
				PRODUCT_BUNDLE_IDENTIFIER = com.leomoon.EveryDoAgain;
				PRODUCT_NAME = "$(TARGET_NAME)";
			};
			name = Debug;
		};
		DAFA251C1E6751D700C87CE4 /* Release */ = {
			isa = XCBuildConfiguration;
			buildSettings = {
				ASSETCATALOG_COMPILER_APPICON_NAME = AppIcon;
				DEVELOPMENT_TEAM = UZD8JHA5UW;
				INFOPLIST_FILE = EveryDoAgain/Info.plist;
				LD_RUNPATH_SEARCH_PATHS = "$(inherited) @executable_path/Frameworks";
				PRODUCT_BUNDLE_IDENTIFIER = com.leomoon.EveryDoAgain;
				PRODUCT_NAME = "$(TARGET_NAME)";
			};
			name = Release;
		};
/* End XCBuildConfiguration section */

/* Begin XCConfigurationList section */
		DAFA24F81E6751D700C87CE4 /* Build configuration list for PBXProject "EveryDoAgain" */ = {
			isa = XCConfigurationList;
			buildConfigurations = (
				DAFA25181E6751D700C87CE4 /* Debug */,
				DAFA25191E6751D700C87CE4 /* Release */,
			);
			defaultConfigurationIsVisible = 0;
			defaultConfigurationName = Release;
		};
		DAFA251A1E6751D700C87CE4 /* Build configuration list for PBXNativeTarget "EveryDoAgain" */ = {
			isa = XCConfigurationList;
			buildConfigurations = (
				DAFA251B1E6751D700C87CE4 /* Debug */,
				DAFA251C1E6751D700C87CE4 /* Release */,
			);
			defaultConfigurationIsVisible = 0;
			defaultConfigurationName = Release;
		};
/* End XCConfigurationList section */

/* Begin XCVersionGroup section */
		DAFA25061E6751D700C87CE4 /* EveryDoAgain.xcdatamodeld */ = {
			isa = XCVersionGroup;
			children = (
				DAFA25071E6751D700C87CE4 /* EveryDoAgain.xcdatamodel */,
			);
			currentVersion = DAFA25071E6751D700C87CE4 /* EveryDoAgain.xcdatamodel */;
			path = EveryDoAgain.xcdatamodeld;
			sourceTree = "<group>";
			versionGroupType = wrapper.xcdatamodel;
		};
/* End XCVersionGroup section */
	};
	rootObject = DAFA24F51E6751D700C87CE4 /* Project object */;
}
